
Microsoft Visual Studio Solution File, Format Version 12.00
# Visual Studio Version 17
VisualStudioVersion = 17.13.35931.197 d17.13
MinimumVisualStudioVersion = 10.0.40219.1
Project("{FAE04EC0-301F-11D3-BF4B-00C04F79EFBC}") = "05_FlowControl", "05_FlowControl.csproj", "{CCB33ACD-A786-497A-8DD7-081C9281AB40}"
EndProject
Global
	GlobalSection(SolutionConfigurationPlatforms) = preSolution
		Debug|Any CPU = Debug|Any CPU
		Release|Any CPU = Release|Any CPU
	EndGlobalSection
	GlobalSection(ProjectConfigurationPlatforms) = postSolution
		{CCB33ACD-A786-497A-8DD7-081C9281AB40}.Debug|Any CPU.ActiveCfg = Debug|Any CPU
		{CCB33ACD-A786-497A-8DD7-081C9281AB40}.Debug|Any CPU.Build.0 = Debug|Any CPU
		{CCB33ACD-A786-497A-8DD7-081C9281AB40}.Release|Any CPU.ActiveCfg = Release|Any CPU
		{CCB33ACD-A786-497A-8DD7-081C9281AB40}.Release|Any CPU.Build.0 = Release|Any CPU
	EndGlobalSection
	GlobalSection(SolutionProperties) = preSolution
		HideSolutionNode = FALSE
	EndGlobalSection
	GlobalSection(ExtensibilityGlobals) = postSolution
		SolutionGuid = {74FD1053-815E-45AE-8401-E149C94A4281}
	EndGlobalSection
EndGlobal
