
Microsoft Visual Studio Solution File, Format Version 12.00
# Visual Studio Version 17
VisualStudioVersion = 17.14.36203.30
MinimumVisualStudioVersion = 10.0.40219.1
Project("{FAE04EC0-301F-11D3-BF4B-00C04F79EFBC}") = "02_C#ENV", "02_C#ENV.csproj", "{D4EF513A-A0DB-486E-8189-1E7DA897EA04}"
EndProject
Global
	GlobalSection(SolutionConfigurationPlatforms) = preSolution
		Debug|Any CPU = Debug|Any CPU
		Release|Any CPU = Release|Any CPU
	EndGlobalSection
	GlobalSection(ProjectConfigurationPlatforms) = postSolution
		{D4EF513A-A0DB-486E-8189-1E7DA897EA04}.Debug|Any CPU.ActiveCfg = Debug|Any CPU
		{D4EF513A-A0DB-486E-8189-1E7DA897EA04}.Debug|Any CPU.Build.0 = Debug|Any CPU
		{D4EF513A-A0DB-486E-8189-1E7DA897EA04}.Release|Any CPU.ActiveCfg = Release|Any CPU
		{D4EF513A-A0DB-486E-8189-1E7DA897EA04}.Release|Any CPU.Build.0 = Release|Any CPU
	EndGlobalSection
	GlobalSection(SolutionProperties) = preSolution
		HideSolutionNode = FALSE
	EndGlobalSection
	GlobalSection(ExtensibilityGlobals) = postSolution
		SolutionGuid = {25390441-29AE-4337-89EC-AEA6B75E6E3E}
	EndGlobalSection
EndGlobal
